
Microsoft Visual Studio Solution File, Format Version 12.00
# Visual Studio Version 17
VisualStudioVersion = 17.2.32602.215
MinimumVisualStudioVersion = 10.0.40219.1
Project("{9A19103F-16F7-4668-BE54-9A1E7A4F7556}") = "EX_01_async_await", "EX_01_async_await\EX_01_async_await.csproj", "{626E85B4-A5E1-40CA-A157-584C9C736565}"
EndProject
Project("{9A19103F-16F7-4668-BE54-9A1E7A4F7556}") = "EX_02_async_await", "EX_02_async_await\EX_02_async_await.csproj", "{5DE2F016-30F3-4EA9-9310-8D44840619B6}"
EndProject
Project("{9A19103F-16F7-4668-BE54-9A1E7A4F7556}") = "EX_03_async_await", "EX_03_async_await\EX_03_async_await.csproj", "{9D353DD0-8C26-41D9-9A80-07D2C8065406}"
EndProject
Project("{9A19103F-16F7-4668-BE54-9A1E7A4F7556}") = "EX_04_async_await", "EX_04_async_await\EX_04_async_await.csproj", "{9CAF78B3-AC05-44EA-B2AE-74AD78320DE5}"
EndProject
Project("{FAE04EC0-301F-11D3-BF4B-00C04F79EFBC}") = "EX_05-exceptions", "EX_05-exceptions\EX_05-exceptions.csproj", "{D1136647-7B18-45BC-87E2-C7600F08A41A}"
EndProject
Global
	GlobalSection(SolutionConfigurationPlatforms) = preSolution
		Debug|Any CPU = Debug|Any CPU
		Release|Any CPU = Release|Any CPU
	EndGlobalSection
	GlobalSection(ProjectConfigurationPlatforms) = postSolution
		{626E85B4-A5E1-40CA-A157-584C9C736565}.Debug|Any CPU.ActiveCfg = Debug|Any CPU
		{626E85B4-A5E1-40CA-A157-584C9C736565}.Debug|Any CPU.Build.0 = Debug|Any CPU
		{626E85B4-A5E1-40CA-A157-584C9C736565}.Release|Any CPU.ActiveCfg = Release|Any CPU
		{626E85B4-A5E1-40CA-A157-584C9C736565}.Release|Any CPU.Build.0 = Release|Any CPU
		{5DE2F016-30F3-4EA9-9310-8D44840619B6}.Debug|Any CPU.ActiveCfg = Debug|Any CPU
		{5DE2F016-30F3-4EA9-9310-8D44840619B6}.Debug|Any CPU.Build.0 = Debug|Any CPU
		{5DE2F016-30F3-4EA9-9310-8D44840619B6}.Release|Any CPU.ActiveCfg = Release|Any CPU
		{5DE2F016-30F3-4EA9-9310-8D44840619B6}.Release|Any CPU.Build.0 = Release|Any CPU
		{9D353DD0-8C26-41D9-9A80-07D2C8065406}.Debug|Any CPU.ActiveCfg = Debug|Any CPU
		{9D353DD0-8C26-41D9-9A80-07D2C8065406}.Debug|Any CPU.Build.0 = Debug|Any CPU
		{9D353DD0-8C26-41D9-9A80-07D2C8065406}.Release|Any CPU.ActiveCfg = Release|Any CPU
		{9D353DD0-8C26-41D9-9A80-07D2C8065406}.Release|Any CPU.Build.0 = Release|Any CPU
		{9CAF78B3-AC05-44EA-B2AE-74AD78320DE5}.Debug|Any CPU.ActiveCfg = Debug|Any CPU
		{9CAF78B3-AC05-44EA-B2AE-74AD78320DE5}.Debug|Any CPU.Build.0 = Debug|Any CPU
		{9CAF78B3-AC05-44EA-B2AE-74AD78320DE5}.Release|Any CPU.ActiveCfg = Release|Any CPU
		{9CAF78B3-AC05-44EA-B2AE-74AD78320DE5}.Release|Any CPU.Build.0 = Release|Any CPU
		{D1136647-7B18-45BC-87E2-C7600F08A41A}.Debug|Any CPU.ActiveCfg = Debug|Any CPU
		{D1136647-7B18-45BC-87E2-C7600F08A41A}.Debug|Any CPU.Build.0 = Debug|Any CPU
		{D1136647-7B18-45BC-87E2-C7600F08A41A}.Release|Any CPU.ActiveCfg = Release|Any CPU
		{D1136647-7B18-45BC-87E2-C7600F08A41A}.Release|Any CPU.Build.0 = Release|Any CPU
	EndGlobalSection
	GlobalSection(SolutionProperties) = preSolution
		HideSolutionNode = FALSE
	EndGlobalSection
	GlobalSection(ExtensibilityGlobals) = postSolution
		SolutionGuid = {0557C298-FEC3-46C9-8E23-5EEE1C8D751B}
	EndGlobalSection
EndGlobal
